// !$*UTF8*$!
{
	archiveVersion = 1;
	classes = {
	};
	objectVersion = 50;
	objects = {

/* Begin PBXBuildFile section */
		AD1DD3F8256D165000278199 /* AppDelegate.m in Sources */ = {isa = PBXBuildFile; fileRef = AD1DD3F7256D165000278199 /* AppDelegate.m */; };
		AD1DD3FB256D165000278199 /* SceneDelegate.m in Sources */ = {isa = PBXBuildFile; fileRef = AD1DD3FA256D165000278199 /* SceneDelegate.m */; };
		AD1DD3FE256D165000278199 /* ViewController.m in Sources */ = {isa = PBXBuildFile; fileRef = AD1DD3FD256D165000278199 /* ViewController.m */; };
		AD1DD401256D165000278199 /* Main.storyboard in Resources */ = {isa = PBXBuildFile; fileRef = AD1DD3FF256D165000278199 /* Main.storyboard */; };
		AD1DD403256D165100278199 /* Assets.xcassets in Resources */ = {isa = PBXBuildFile; fileRef = AD1DD402256D165100278199 /* Assets.xcassets */; };
		AD1DD406256D165100278199 /* LaunchScreen.storyboard in Resources */ = {isa = PBXBuildFile; fileRef = AD1DD404256D165100278199 /* LaunchScreen.storyboard */; };
		AD1DD409256D165100278199 /* main.m in Sources */ = {isa = PBXBuildFile; fileRef = AD1DD408256D165100278199 /* main.m */; };
		AD1DD413256D165100278199 /* MasterTests.m in Sources */ = {isa = PBXBuildFile; fileRef = AD1DD412256D165100278199 /* MasterTests.m */; };
		AD1DD41E256D165100278199 /* MasterUITests.m in Sources */ = {isa = PBXBuildFile; fileRef = AD1DD41D256D165100278199 /* MasterUITests.m */; };
/* End PBXBuildFile section */

/* Begin PBXContainerItemProxy section */
		AD1DD40F256D165100278199 /* PBXContainerItemProxy */ = {
			isa = PBXContainerItemProxy;
			containerPortal = AD1DD3EB256D165000278199 /* Project object */;
			proxyType = 1;
			remoteGlobalIDString = AD1DD3F2256D165000278199;
			remoteInfo = Master;
		};
		AD1DD41A256D165100278199 /* PBXContainerItemProxy */ = {
			isa = PBXContainerItemProxy;
			containerPortal = AD1DD3EB256D165000278199 /* Project object */;
			proxyType = 1;
			remoteGlobalIDString = AD1DD3F2256D165000278199;
			remoteInfo = Master;
		};
/* End PBXContainerItemProxy section */

/* Begin PBXFileReference section */
		AD1DD3F3256D165000278199 /* Master.app */ = {isa = PBXFileReference; explicitFileType = wrapper.application; includeInIndex = 0; path = Master.app; sourceTree = BUILT_PRODUCTS_DIR; };
		AD1DD3F6256D165000278199 /* AppDelegate.h */ = {isa = PBXFileReference; lastKnownFileType = sourcecode.c.h; path = AppDelegate.h; sourceTree = "<group>"; };
		AD1DD3F7256D165000278199 /* AppDelegate.m */ = {isa = PBXFileReference; lastKnownFileType = sourcecode.c.objc; path = AppDelegate.m; sourceTree = "<group>"; };
		AD1DD3F9256D165000278199 /* SceneDelegate.h */ = {isa = PBXFileReference; lastKnownFileType = sourcecode.c.h; path = SceneDelegate.h; sourceTree = "<group>"; };
		AD1DD3FA256D165000278199 /* SceneDelegate.m */ = {isa = PBXFileReference; lastKnownFileType = sourcecode.c.objc; path = SceneDelegate.m; sourceTree = "<group>"; };
		AD1DD3FC256D165000278199 /* ViewController.h */ = {isa = PBXFileReference; lastKnownFileType = sourcecode.c.h; path = ViewController.h; sourceTree = "<group>"; };
		AD1DD3FD256D165000278199 /* ViewController.m */ = {isa = PBXFileReference; lastKnownFileType = sourcecode.c.objc; path = ViewController.m; sourceTree = "<group>"; };
		AD1DD400256D165000278199 /* Base */ = {isa = PBXFileReference; lastKnownFileType = file.storyboard; name = Base; path = Base.lproj/Main.storyboard; sourceTree = "<group>"; };
		AD1DD402256D165100278199 /* Assets.xcassets */ = {isa = PBXFileReference; lastKnownFileType = folder.assetcatalog; path = Assets.xcassets; sourceTree = "<group>"; };
		AD1DD405256D165100278199 /* Base */ = {isa = PBXFileReference; lastKnownFileType = file.storyboard; name = Base; path = Base.lproj/LaunchScreen.storyboard; sourceTree = "<group>"; };
		AD1DD407256D165100278199 /* Info.plist */ = {isa = PBXFileReference; lastKnownFileType = text.plist.xml; path = Info.plist; sourceTree = "<group>"; };
		AD1DD408256D165100278199 /* main.m */ = {isa = PBXFileReference; lastKnownFileType = sourcecode.c.objc; path = main.m; sourceTree = "<group>"; };
		AD1DD40E256D165100278199 /* MasterTests.xctest */ = {isa = PBXFileReference; explicitFileType = wrapper.cfbundle; includeInIndex = 0; path = MasterTests.xctest; sourceTree = BUILT_PRODUCTS_DIR; };
		AD1DD412256D165100278199 /* MasterTests.m */ = {isa = PBXFileReference; lastKnownFileType = sourcecode.c.objc; path = MasterTests.m; sourceTree = "<group>"; };
		AD1DD414256D165100278199 /* Info.plist */ = {isa = PBXFileReference; lastKnownFileType = text.plist.xml; path = Info.plist; sourceTree = "<group>"; };
		AD1DD419256D165100278199 /* MasterUITests.xctest */ = {isa = PBXFileReference; explicitFileType = wrapper.cfbundle; includeInIndex = 0; path = MasterUITests.xctest; sourceTree = BUILT_PRODUCTS_DIR; };
		AD1DD41D256D165100278199 /* MasterUITests.m */ = {isa = PBXFileReference; lastKnownFileType = sourcecode.c.objc; path = MasterUITests.m; sourceTree = "<group>"; };
		AD1DD41F256D165100278199 /* Info.plist */ = {isa = PBXFileReference; lastKnownFileType = text.plist.xml; path = Info.plist; sourceTree = "<group>"; };
/* End PBXFileReference section */

/* Begin PBXFrameworksBuildPhase section */
		AD1DD3F0256D165000278199 /* Frameworks */ = {
			isa = PBXFrameworksBuildPhase;
			buildActionMask = 2147483647;
			files = (
			);
			runOnlyForDeploymentPostprocessing = 0;
		};
		AD1DD40B256D165100278199 /* Frameworks */ = {
			isa = PBXFrameworksBuildPhase;
			buildActionMask = 2147483647;
			files = (
			);
			runOnlyForDeploymentPostprocessing = 0;
		};
		AD1DD416256D165100278199 /* Frameworks */ = {
			isa = PBXFrameworksBuildPhase;
			buildActionMask = 2147483647;
			files = (
			);
			runOnlyForDeploymentPostprocessing = 0;
		};
/* End PBXFrameworksBuildPhase section */

/* Begin PBXGroup section */
		AD1DD3EA256D165000278199 = {
			isa = PBXGroup;
			children = (
				AD1DD3F5256D165000278199 /* Master */,
				AD1DD411256D165100278199 /* MasterTests */,
				AD1DD41C256D165100278199 /* MasterUITests */,
				AD1DD3F4256D165000278199 /* Products */,
			);
			sourceTree = "<group>";
		};
		AD1DD3F4256D165000278199 /* Products */ = {
			isa = PBXGroup;
			children = (
				AD1DD3F3256D165000278199 /* Master.app */,
				AD1DD40E256D165100278199 /* MasterTests.xctest */,
				AD1DD419256D165100278199 /* MasterUITests.xctest */,
			);
			name = Products;
			sourceTree = "<group>";
		};
		AD1DD3F5256D165000278199 /* Master */ = {
			isa = PBXGroup;
			children = (
				AD1DD3F6256D165000278199 /* AppDelegate.h */,
				AD1DD3F7256D165000278199 /* AppDelegate.m */,
				AD1DD3F9256D165000278199 /* SceneDelegate.h */,
				AD1DD3FA256D165000278199 /* SceneDelegate.m */,
				AD1DD3FC256D165000278199 /* ViewController.h */,
				AD1DD3FD256D165000278199 /* ViewController.m */,
				AD1DD3FF256D165000278199 /* Main.storyboard */,
				AD1DD402256D165100278199 /* Assets.xcassets */,
				AD1DD404256D165100278199 /* LaunchScreen.storyboard */,
				AD1DD407256D165100278199 /* Info.plist */,
				AD1DD408256D165100278199 /* main.m */,
			);
			path = Master;
			sourceTree = "<group>";
		};
		AD1DD411256D165100278199 /* MasterTests */ = {
			isa = PBXGroup;
			children = (
				AD1DD412256D165100278199 /* MasterTests.m */,
				AD1DD414256D165100278199 /* Info.plist */,
			);
			path = MasterTests;
			sourceTree = "<group>";
		};
		AD1DD41C256D165100278199 /* MasterUITests */ = {
			isa = PBXGroup;
			children = (
				AD1DD41D256D165100278199 /* MasterUITests.m */,
				AD1DD41F256D165100278199 /* Info.plist */,
			);
			path = MasterUITests;
			sourceTree = "<group>";
		};
/* End PBXGroup section */

/* Begin PBXNativeTarget section */
		AD1DD3F2256D165000278199 /* Master */ = {
			isa = PBXNativeTarget;
			buildConfigurationList = AD1DD422256D165100278199 /* Build configuration list for PBXNativeTarget "Master" */;
			buildPhases = (
				AD1DD3EF256D165000278199 /* Sources */,
				AD1DD3F0256D165000278199 /* Frameworks */,
				AD1DD3F1256D165000278199 /* Resources */,
			);
			buildRules = (
			);
			dependencies = (
			);
			name = Master;
			productName = Master;
			productReference = AD1DD3F3256D165000278199 /* Master.app */;
			productType = "com.apple.product-type.application";
		};
		AD1DD40D256D165100278199 /* MasterTests */ = {
			isa = PBXNativeTarget;
			buildConfigurationList = AD1DD425256D165100278199 /* Build configuration list for PBXNativeTarget "MasterTests" */;
			buildPhases = (
				AD1DD40A256D165100278199 /* Sources */,
				AD1DD40B256D165100278199 /* Frameworks */,
				AD1DD40C256D165100278199 /* Resources */,
			);
			buildRules = (
			);
			dependencies = (
				AD1DD410256D165100278199 /* PBXTargetDependency */,
			);
			name = MasterTests;
			productName = MasterTests;
			productReference = AD1DD40E256D165100278199 /* MasterTests.xctest */;
			productType = "com.apple.product-type.bundle.unit-test";
		};
		AD1DD418256D165100278199 /* MasterUITests */ = {
			isa = PBXNativeTarget;
			buildConfigurationList = AD1DD428256D165100278199 /* Build configuration list for PBXNativeTarget "MasterUITests" */;
			buildPhases = (
				AD1DD415256D165100278199 /* Sources */,
				AD1DD416256D165100278199 /* Frameworks */,
				AD1DD417256D165100278199 /* Resources */,
			);
			buildRules = (
			);
			dependencies = (
				AD1DD41B256D165100278199 /* PBXTargetDependency */,
			);
			name = MasterUITests;
			productName = MasterUITests;
			productReference = AD1DD419256D165100278199 /* MasterUITests.xctest */;
			productType = "com.apple.product-type.bundle.ui-testing";
		};
/* End PBXNativeTarget section */

/* Begin PBXProject section */
		AD1DD3EB256D165000278199 /* Project object */ = {
			isa = PBXProject;
			attributes = {
				LastUpgradeCheck = 1150;
				ORGANIZATIONNAME = windows;
				TargetAttributes = {
					AD1DD3F2256D165000278199 = {
						CreatedOnToolsVersion = 11.5;
					};
					AD1DD40D256D165100278199 = {
						CreatedOnToolsVersion = 11.5;
						TestTargetID = AD1DD3F2256D165000278199;
					};
					AD1DD418256D165100278199 = {
						CreatedOnToolsVersion = 11.5;
						TestTargetID = AD1DD3F2256D165000278199;
					};
				};
			};
			buildConfigurationList = AD1DD3EE256D165000278199 /* Build configuration list for PBXProject "Master" */;
			compatibilityVersion = "Xcode 9.3";
			developmentRegion = en;
			hasScannedForEncodings = 0;
			knownRegions = (
				en,
				Base,
			);
			mainGroup = AD1DD3EA256D165000278199;
			productRefGroup = AD1DD3F4256D165000278199 /* Products */;
			projectDirPath = "";
			projectRoot = "";
			targets = (
				AD1DD3F2256D165000278199 /* Master */,
				AD1DD40D256D165100278199 /* MasterTests */,
				AD1DD418256D165100278199 /* MasterUITests */,
			);
		};
/* End PBXProject section */

/* Begin PBXResourcesBuildPhase section */
		AD1DD3F1256D165000278199 /* Resources */ = {
			isa = PBXResourcesBuildPhase;
			buildActionMask = 2147483647;
			files = (
				AD1DD406256D165100278199 /* LaunchScreen.storyboard in Resources */,
				AD1DD403256D165100278199 /* Assets.xcassets in Resources */,
				AD1DD401256D165000278199 /* Main.storyboard in Resources */,
			);
			runOnlyForDeploymentPostprocessing = 0;
		};
		AD1DD40C256D165100278199 /* Resources */ = {
			isa = PBXResourcesBuildPhase;
			buildActionMask = 2147483647;
			files = (
			);
			runOnlyForDeploymentPostprocessing = 0;
		};
		AD1DD417256D165100278199 /* Resources */ = {
			isa = PBXResourcesBuildPhase;
			buildActionMask = 2147483647;
			files = (
			);
			runOnlyForDeploymentPostprocessing = 0;
		};
/* End PBXResourcesBuildPhase section */

/* Begin PBXSourcesBuildPhase section */
		AD1DD3EF256D165000278199 /* Sources */ = {
			isa = PBXSourcesBuildPhase;
			buildActionMask = 2147483647;
			files = (
				AD1DD3FE256D165000278199 /* ViewController.m in Sources */,
				AD1DD3F8256D165000278199 /* AppDelegate.m in Sources */,
				AD1DD409256D165100278199 /* main.m in Sources */,
				AD1DD3FB256D165000278199 /* SceneDelegate.m in Sources */,
			);
			runOnlyForDeploymentPostprocessing = 0;
		};
		AD1DD40A256D165100278199 /* Sources */ = {
			isa = PBXSourcesBuildPhase;
			buildActionMask = 2147483647;
			files = (
				AD1DD413256D165100278199 /* MasterTests.m in Sources */,
			);
			runOnlyForDeploymentPostprocessing = 0;
		};
		AD1DD415256D165100278199 /* Sources */ = {
			isa = PBXSourcesBuildPhase;
			buildActionMask = 2147483647;
			files = (
				AD1DD41E256D165100278199 /* MasterUITests.m in Sources */,
			);
			runOnlyForDeploymentPostprocessing = 0;
		};
/* End PBXSourcesBuildPhase section */

/* Begin PBXTargetDependency section */
		AD1DD410256D165100278199 /* PBXTargetDependency */ = {
			isa = PBXTargetDependency;
			target = AD1DD3F2256D165000278199 /* Master */;
			targetProxy = AD1DD40F256D165100278199 /* PBXContainerItemProxy */;
		};
		AD1DD41B256D165100278199 /* PBXTargetDependency */ = {
			isa = PBXTargetDependency;
			target = AD1DD3F2256D165000278199 /* Master */;
			targetProxy = AD1DD41A256D165100278199 /* PBXContainerItemProxy */;
		};
/* End PBXTargetDependency section */

/* Begin PBXVariantGroup section */
		AD1DD3FF256D165000278199 /* Main.storyboard */ = {
			isa = PBXVariantGroup;
			children = (
				AD1DD400256D165000278199 /* Base */,
			);
			name = Main.storyboard;
			sourceTree = "<group>";
		};
		AD1DD404256D165100278199 /* LaunchScreen.storyboard */ = {
			isa = PBXVariantGroup;
			children = (
				AD1DD405256D165100278199 /* Base */,
			);
			name = LaunchScreen.storyboard;
			sourceTree = "<group>";
		};
/* End PBXVariantGroup section */

/* Begin XCBuildConfiguration section */
		AD1DD420256D165100278199 /* Debug */ = {
			isa = XCBuildConfiguration;
			buildSettings = {
				ALWAYS_SEARCH_USER_PATHS = NO;
				CLANG_ANALYZER_NONNULL = YES;
				CLANG_ANALYZER_NUMBER_OBJECT_CONVERSION = YES_AGGRESSIVE;
				CLANG_CXX_LANGUAGE_STANDARD = "gnu++14";
				CLANG_CXX_LIBRARY = "libc++";
				CLANG_ENABLE_MODULES = YES;
				CLANG_ENABLE_OBJC_ARC = YES;
				CLANG_ENABLE_OBJC_WEAK = YES;
				CLANG_WARN_BLOCK_CAPTURE_AUTORELEASING = YES;
				CLANG_WARN_BOOL_CONVERSION = YES;
				CLANG_WARN_COMMA = YES;
				CLANG_WARN_CONSTANT_CONVERSION = YES;
				CLANG_WARN_DEPRECATED_OBJC_IMPLEMENTATIONS = YES;
				CLANG_WARN_DIRECT_OBJC_ISA_USAGE = YES_ERROR;
				CLANG_WARN_DOCUMENTATION_COMMENTS = YES;
				CLANG_WARN_EMPTY_BODY = YES;
				CLANG_WARN_ENUM_CONVERSION = YES;
				CLANG_WARN_INFINITE_RECURSION = YES;
				CLANG_WARN_INT_CONVERSION = YES;
				CLANG_WARN_NON_LITERAL_NULL_CONVERSION = YES;
				CLANG_WARN_OBJC_IMPLICIT_RETAIN_SELF = YES;
				CLANG_WARN_OBJC_LITERAL_CONVERSION = YES;
				CLANG_WARN_OBJC_ROOT_CLASS = YES_ERROR;
				CLANG_WARN_RANGE_LOOP_ANALYSIS = YES;
				CLANG_WARN_STRICT_PROTOTYPES = YES;
				CLANG_WARN_SUSPICIOUS_MOVE = YES;
				CLANG_WARN_UNGUARDED_AVAILABILITY = YES_AGGRESSIVE;
				CLANG_WARN_UNREACHABLE_CODE = YES;
				CLANG_WARN__DUPLICATE_METHOD_MATCH = YES;
				COPY_PHASE_STRIP = NO;
				DEBUG_INFORMATION_FORMAT = dwarf;
				ENABLE_STRICT_OBJC_MSGSEND = YES;
				ENABLE_TESTABILITY = YES;
				GCC_C_LANGUAGE_STANDARD = gnu11;
				GCC_DYNAMIC_NO_PIC = NO;
				GCC_NO_COMMON_BLOCKS = YES;
				GCC_OPTIMIZATION_LEVEL = 0;
				GCC_PREPROCESSOR_DEFINITIONS = (
					"DEBUG=1",
					"$(inherited)",
				);
				GCC_WARN_64_TO_32_BIT_CONVERSION = YES;
				GCC_WARN_ABOUT_RETURN_TYPE = YES_ERROR;
				GCC_WARN_UNDECLARED_SELECTOR = YES;
				GCC_WARN_UNINITIALIZED_AUTOS = YES_AGGRESSIVE;
				GCC_WARN_UNUSED_FUNCTION = YES;
				GCC_WARN_UNUSED_VARIABLE = YES;
				IPHONEOS_DEPLOYMENT_TARGET = 13.5;
				MTL_ENABLE_DEBUG_INFO = INCLUDE_SOURCE;
				MTL_FAST_MATH = YES;
				ONLY_ACTIVE_ARCH = YES;
				SDKROOT = iphoneos;
			};
			name = Debug;
		};
		AD1DD421256D165100278199 /* Release */ = {
			isa = XCBuildConfiguration;
			buildSettings = {
				ALWAYS_SEARCH_USER_PATHS = NO;
				CLANG_ANALYZER_NONNULL = YES;
				CLANG_ANALYZER_NUMBER_OBJECT_CONVERSION = YES_AGGRESSIVE;
				CLANG_CXX_LANGUAGE_STANDARD = "gnu++14";
				CLANG_CXX_LIBRARY = "libc++";
				CLANG_ENABLE_MODULES = YES;
				CLANG_ENABLE_OBJC_ARC = YES;
				CLANG_ENABLE_OBJC_WEAK = YES;
				CLANG_WARN_BLOCK_CAPTURE_AUTORELEASING = YES;
				CLANG_WARN_BOOL_CONVERSION = YES;
				CLANG_WARN_COMMA = YES;
				CLANG_WARN_CONSTANT_CONVERSION = YES;
				CLANG_WARN_DEPRECATED_OBJC_IMPLEMENTATIONS = YES;
				CLANG_WARN_DIRECT_OBJC_ISA_USAGE = YES_ERROR;
				CLANG_WARN_DOCUMENTATION_COMMENTS = YES;
				CLANG_WARN_EMPTY_BODY = YES;
				CLANG_WARN_ENUM_CONVERSION = YES;
				CLANG_WARN_INFINITE_RECURSION = YES;
				CLANG_WARN_INT_CONVERSION = YES;
				CLANG_WARN_NON_LITERAL_NULL_CONVERSION = YES;
				CLANG_WARN_OBJC_IMPLICIT_RETAIN_SELF = YES;
				CLANG_WARN_OBJC_LITERAL_CONVERSION = YES;
				CLANG_WARN_OBJC_ROOT_CLASS = YES_ERROR;
				CLANG_WARN_RANGE_LOOP_ANALYSIS = YES;
				CLANG_WARN_STRICT_PROTOTYPES = YES;
				CLANG_WARN_SUSPICIOUS_MOVE = YES;
				CLANG_WARN_UNGUARDED_AVAILABILITY = YES_AGGRESSIVE;
				CLANG_WARN_UNREACHABLE_CODE = YES;
				CLANG_WARN__DUPLICATE_METHOD_MATCH = YES;
				COPY_PHASE_STRIP = NO;
				DEBUG_INFORMATION_FORMAT = "dwarf-with-dsym";
				ENABLE_NS_ASSERTIONS = NO;
				ENABLE_STRICT_OBJC_MSGSEND = YES;
				GCC_C_LANGUAGE_STANDARD = gnu11;
				GCC_NO_COMMON_BLOCKS = YES;
				GCC_WARN_64_TO_32_BIT_CONVERSION = YES;
				GCC_WARN_ABOUT_RETURN_TYPE = YES_ERROR;
				GCC_WARN_UNDECLARED_SELECTOR = YES;
				GCC_WARN_UNINITIALIZED_AUTOS = YES_AGGRESSIVE;
				GCC_WARN_UNUSED_FUNCTION = YES;
				GCC_WARN_UNUSED_VARIABLE = YES;
				IPHONEOS_DEPLOYMENT_TARGET = 13.5;
				MTL_ENABLE_DEBUG_INFO = NO;
				MTL_FAST_MATH = YES;
				SDKROOT = iphoneos;
				VALIDATE_PRODUCT = YES;
			};
			name = Release;
		};
		AD1DD423256D165100278199 /* Debug */ = {
			isa = XCBuildConfiguration;
			buildSettings = {
				ASSETCATALOG_COMPILER_APPICON_NAME = AppIcon;
				CODE_SIGN_STYLE = Automatic;
				INFOPLIST_FILE = Master/Info.plist;
				LD_RUNPATH_SEARCH_PATHS = (
					"$(inherited)",
					"@executable_path/Frameworks",
				);
				PRODUCT_BUNDLE_IDENTIFIER = com.scienjoy.ios.Master;
				PRODUCT_NAME = "$(TARGET_NAME)";
				TARGETED_DEVICE_FAMILY = "1,2";
			};
			name = Debug;
		};
		AD1DD424256D165100278199 /* Release */ = {
			isa = XCBuildConfiguration;
			buildSettings = {
				ASSETCATALOG_COMPILER_APPICON_NAME = AppIcon;
				CODE_SIGN_STYLE = Automatic;
				INFOPLIST_FILE = Master/Info.plist;
				LD_RUNPATH_SEARCH_PATHS = (
					"$(inherited)",
					"@executable_path/Frameworks",
				);
				PRODUCT_BUNDLE_IDENTIFIER = com.scienjoy.ios.Master;
				PRODUCT_NAME = "$(TARGET_NAME)";
				TARGETED_DEVICE_FAMILY = "1,2";
			};
			name = Release;
		};
		AD1DD426256D165100278199 /* Debug */ = {
			isa = XCBuildConfiguration;
			buildSettings = {
				BUNDLE_LOADER = "$(TEST_HOST)";
				CODE_SIGN_STYLE = Automatic;
				INFOPLIST_FILE = MasterTests/Info.plist;
				IPHONEOS_DEPLOYMENT_TARGET = 13.5;
				LD_RUNPATH_SEARCH_PATHS = (
					"$(inherited)",
					"@executable_path/Frameworks",
					"@loader_path/Frameworks",
				);
				PRODUCT_BUNDLE_IDENTIFIER = com.scienjoy.ios.MasterTests;
				PRODUCT_NAME = "$(TARGET_NAME)";
				TARGETED_DEVICE_FAMILY = "1,2";
				TEST_HOST = "$(BUILT_PRODUCTS_DIR)/Master.app/Master";
			};
			name = Debug;
		};
		AD1DD427256D165100278199 /* Release */ = {
			isa = XCBuildConfiguration;
			buildSettings = {
				BUNDLE_LOADER = "$(TEST_HOST)";
				CODE_SIGN_STYLE = Automatic;
				INFOPLIST_FILE = MasterTests/Info.plist;
				IPHONEOS_DEPLOYMENT_TARGET = 13.5;
				LD_RUNPATH_SEARCH_PATHS = (
					"$(inherited)",
					"@executable_path/Frameworks",
					"@loader_path/Frameworks",
				);
				PRODUCT_BUNDLE_IDENTIFIER = com.scienjoy.ios.MasterTests;
				PRODUCT_NAME = "$(TARGET_NAME)";
				TARGETED_DEVICE_FAMILY = "1,2";
				TEST_HOST = "$(BUILT_PRODUCTS_DIR)/Master.app/Master";
			};
			name = Release;
		};
		AD1DD429256D165100278199 /* Debug */ = {
			isa = XCBuildConfiguration;
			buildSettings = {
				CODE_SIGN_STYLE = Automatic;
				INFOPLIST_FILE = MasterUITests/Info.plist;
				LD_RUNPATH_SEARCH_PATHS = (
					"$(inherited)",
					"@executable_path/Frameworks",
					"@loader_path/Frameworks",
				);
				PRODUCT_BUNDLE_IDENTIFIER = com.scienjoy.ios.MasterUITests;
				PRODUCT_NAME = "$(TARGET_NAME)";
				TARGETED_DEVICE_FAMILY = "1,2";
				TEST_TARGET_NAME = Master;
			};
			name = Debug;
		};
		AD1DD42A256D165100278199 /* Release */ = {
			isa = XCBuildConfiguration;
			buildSettings = {
				CODE_SIGN_STYLE = Automatic;
				INFOPLIST_FILE = MasterUITests/Info.plist;
				LD_RUNPATH_SEARCH_PATHS = (
					"$(inherited)",
					"@executable_path/Frameworks",
					"@loader_path/Frameworks",
				);
				PRODUCT_BUNDLE_IDENTIFIER = com.scienjoy.ios.MasterUITests;
				PRODUCT_NAME = "$(TARGET_NAME)";
				TARGETED_DEVICE_FAMILY = "1,2";
				TEST_TARGET_NAME = Master;
			};
			name = Release;
		};
/* End XCBuildConfiguration section */

/* Begin XCConfigurationList section */
		AD1DD3EE256D165000278199 /* Build configuration list for PBXProject "Master" */ = {
			isa = XCConfigurationList;
			buildConfigurations = (
				AD1DD420256D165100278199 /* Debug */,
				AD1DD421256D165100278199 /* Release */,
			);
			defaultConfigurationIsVisible = 0;
			defaultConfigurationName = Release;
		};
		AD1DD422256D165100278199 /* Build configuration list for PBXNativeTarget "Master" */ = {
			isa = XCConfigurationList;
			buildConfigurations = (
				AD1DD423256D165100278199 /* Debug */,
				AD1DD424256D165100278199 /* Release */,
			);
			defaultConfigurationIsVisible = 0;
			defaultConfigurationName = Release;
		};
		AD1DD425256D165100278199 /* Build configuration list for PBXNativeTarget "MasterTests" */ = {
			isa = XCConfigurationList;
			buildConfigurations = (
				AD1DD426256D165100278199 /* Debug */,
				AD1DD427256D165100278199 /* Release */,
			);
			defaultConfigurationIsVisible = 0;
			defaultConfigurationName = Release;
		};
		AD1DD428256D165100278199 /* Build configuration list for PBXNativeTarget "MasterUITests" */ = {
			isa = XCConfigurationList;
			buildConfigurations = (
				AD1DD429256D165100278199 /* Debug */,
				AD1DD42A256D165100278199 /* Release */,
			);
			defaultConfigurationIsVisible = 0;
			defaultConfigurationName = Release;
		};
/* End XCConfigurationList section */
	};
	rootObject = AD1DD3EB256D165000278199 /* Project object */;
}
